
Microsoft Visual Studio Solution File, Format Version 12.00
# Visual Studio Version 17
VisualStudioVersion = 17.10.35027.167
MinimumVisualStudioVersion = 10.0.40219.1
Project("{FAE04EC0-301F-11D3-BF4B-00C04F79EFBC}") = "WebApplication1", "WebApplication1\WebApplication1.csproj", "{B94B85B0-56B6-4036-9FBE-85D26B50F9D4}"
EndProject
Global
	GlobalSection(SolutionConfigurationPlatforms) = preSolution
		Debug|Any CPU = Debug|Any CPU
		Release|Any CPU = Release|Any CPU
	EndGlobalSection
	GlobalSection(ProjectConfigurationPlatforms) = postSolution
		{B94B85B0-56B6-4036-9FBE-85D26B50F9D4}.Debug|Any CPU.ActiveCfg = Debug|Any CPU
		{B94B85B0-56B6-4036-9FBE-85D26B50F9D4}.Debug|Any CPU.Build.0 = Debug|Any CPU
		{B94B85B0-56B6-4036-9FBE-85D26B50F9D4}.Release|Any CPU.ActiveCfg = Release|Any CPU
		{B94B85B0-56B6-4036-9FBE-85D26B50F9D4}.Release|Any CPU.Build.0 = Release|Any CPU
	EndGlobalSection
	GlobalSection(SolutionProperties) = preSolution
		HideSolutionNode = FALSE
	EndGlobalSection
	GlobalSection(ExtensibilityGlobals) = postSolution
		SolutionGuid = {52F8D324-922A-4C3A-861C-6DBA739F092E}
	EndGlobalSection
EndGlobal
